
Microsoft Visual Studio Solution File, Format Version 12.00
# Visual Studio 14
VisualStudioVersion = 14.0.25420.1
MinimumVisualStudioVersion = 10.0.40219.1
Project("{FAE04EC0-301F-11D3-BF4B-00C04F79EFBC}") = "AdvisoryWorldClient.Model", "AdvisoryWorldClient.Model\AdvisoryWorldClient.Model.csproj", "{5DB93BC5-D24B-4691-8DE6-F0E9F934EC3A}"
EndProject
Project("{FAE04EC0-301F-11D3-BF4B-00C04F79EFBC}") = "AdvisoryWorldClient", "AdvisoryWorldClient\AdvisoryWorldClient.csproj", "{2DB787A9-4D18-4B02-B083-7FF16DC0BC25}"
EndProject
Project("{FAE04EC0-301F-11D3-BF4B-00C04F79EFBC}") = "AdvisoryWorldClient.Test", "AdvisoryWorldClient.Test\AdvisoryWorldClient.Test.csproj", "{1D54673A-B932-4795-A0DE-059DB5AC107C}"
EndProject
Global
	GlobalSection(SolutionConfigurationPlatforms) = preSolution
		Debug|Any CPU = Debug|Any CPU
		Release|Any CPU = Release|Any CPU
	EndGlobalSection
	GlobalSection(ProjectConfigurationPlatforms) = postSolution
		{5DB93BC5-D24B-4691-8DE6-F0E9F934EC3A}.Debug|Any CPU.ActiveCfg = Debug|Any CPU
		{5DB93BC5-D24B-4691-8DE6-F0E9F934EC3A}.Debug|Any CPU.Build.0 = Debug|Any CPU
		{5DB93BC5-D24B-4691-8DE6-F0E9F934EC3A}.Release|Any CPU.ActiveCfg = Release|Any CPU
		{5DB93BC5-D24B-4691-8DE6-F0E9F934EC3A}.Release|Any CPU.Build.0 = Release|Any CPU
		{2DB787A9-4D18-4B02-B083-7FF16DC0BC25}.Debug|Any CPU.ActiveCfg = Debug|Any CPU
		{2DB787A9-4D18-4B02-B083-7FF16DC0BC25}.Debug|Any CPU.Build.0 = Debug|Any CPU
		{2DB787A9-4D18-4B02-B083-7FF16DC0BC25}.Release|Any CPU.ActiveCfg = Release|Any CPU
		{2DB787A9-4D18-4B02-B083-7FF16DC0BC25}.Release|Any CPU.Build.0 = Release|Any CPU
		{1D54673A-B932-4795-A0DE-059DB5AC107C}.Debug|Any CPU.ActiveCfg = Debug|Any CPU
		{1D54673A-B932-4795-A0DE-059DB5AC107C}.Debug|Any CPU.Build.0 = Debug|Any CPU
		{1D54673A-B932-4795-A0DE-059DB5AC107C}.Release|Any CPU.ActiveCfg = Release|Any CPU
		{1D54673A-B932-4795-A0DE-059DB5AC107C}.Release|Any CPU.Build.0 = Release|Any CPU
	EndGlobalSection
	GlobalSection(SolutionProperties) = preSolution
		HideSolutionNode = FALSE
	EndGlobalSection
EndGlobal
